Microsoft Visual Studio Solution File, Format Version 12.00
Project("{8BC9CEB8-8B4A-11D0-8D11-00A0C91BC942}") = "all_arcadia", "Projects\all_arcadia.vcxproj", "{95B806C3-4642-B304-14C6-6F1A275A6733}"
EndProject
Project("{2150E333-8FDC-42A3-9474-1A3956D46DE8}") = "cmicot", "Projects\cmicot", "{DCFF9192-9123-4811-432C-E5F64A34F526}"
EndProject
Project("{8BC9CEB8-8B4A-11D0-8D11-00A0C91BC942}") = "cmicot", "Projects\cmicot\cmicot\cmicot.vcxproj", "{38913539-3513-E11C-4330-4990977A750A}"
EndProject
Project("{2150E333-8FDC-42A3-9474-1A3956D46DE8}") = "lib", "Projects\cmicot\lib", "{A7AFB2E7-EF23-43CF-1013-F1C3309F0756}"
EndProject
Project("{8BC9CEB8-8B4A-11D0-8D11-00A0C91BC942}") = "cmicot-lib", "Projects\cmicot\lib\cmicot-lib.vcxproj", "{27609FAE-1F8F-BA04-5245-E2EF7C215499}"
EndProject
Project("{8BC9CEB8-8B4A-11D0-8D11-00A0C91BC942}") = "cmicot-lib-ut", "Projects\cmicot\lib\ut\cmicot-lib-ut.vcxproj", "{672E69AF-CB58-433C-D48C-7F4858C742D9}"
EndProject
Project("{2150E333-8FDC-42A3-9474-1A3956D46DE8}") = "contrib", "Projects\contrib", "{7B85CA1A-8311-CE55-344B-96CBB3DE4F3B}"
EndProject
Project("{2150E333-8FDC-42A3-9474-1A3956D46DE8}") = "libs", "Projects\contrib\libs", "{5A6BA3D4-700F-320B-BC81-8F7B463F1DBE}"
EndProject
Project("{2150E333-8FDC-42A3-9474-1A3956D46DE8}") = "cxxsupp", "Projects\contrib\libs\cxxsupp", "{73ADAAE5-359C-1366-E2F8-F4370347B7C5}"
EndProject
Project("{8BC9CEB8-8B4A-11D0-8D11-00A0C91BC942}") = "contrib-libs-cxxsupp", "Projects\contrib\libs\cxxsupp\contrib-libs-cxxsupp.vcxproj", "{8D7C41B0-2344-C558-29D8-570B39498A2F}"
EndProject
Project("{8BC9CEB8-8B4A-11D0-8D11-00A0C91BC942}") = "libs-cxxsupp-libcxx-next", "Projects\contrib\libs\cxxsupp\libcxx-next\libs-cxxsupp-libcxx-next.vcxproj", "{27312BC1-F7F1-210E-870A-4D9860365283}"
EndProject
Project("{8BC9CEB8-8B4A-11D0-8D11-00A0C91BC942}") = "contrib-libs-double-conversion", "Projects\contrib\libs\double-conversion\contrib-libs-double-conversion.vcxproj", "{1BA2A109-73A9-0A33-0C89-68ACB8229C74}"
EndProject
Project("{8BC9CEB8-8B4A-11D0-8D11-00A0C91BC942}") = "contrib-libs-zlib", "Projects\contrib\libs\zlib\contrib-libs-zlib.vcxproj", "{E8A35EC0-40EE-2D96-1FB2-D065B804958D}"
EndProject
Project("{2150E333-8FDC-42A3-9474-1A3956D46DE8}") = "tools", "Projects\contrib\tools", "{BAF596DB-38C8-7A20-9E66-FBAFB32699F3}"
EndProject
Project("{8BC9CEB8-8B4A-11D0-8D11-00A0C91BC942}") = "tools-ragel5-aapl", "Projects\contrib\tools\ragel5\aapl\tools-ragel5-aapl.vcxproj", "{1305930F-BAF5-B7CA-F748-A1A62BE68A67}"
EndProject
Project("{8BC9CEB8-8B4A-11D0-8D11-00A0C91BC942}") = "ragel6", "Projects\contrib\tools\ragel6\ragel6.vcxproj", "{C53C760B-C776-E621-0BA2-EEDD8942A0E6}"
EndProject
Project("{2150E333-8FDC-42A3-9474-1A3956D46DE8}") = "library", "Projects\library", "{65F721D5-5072-9CA4-62A2-577296EE1206}"
EndProject
Project("{8BC9CEB8-8B4A-11D0-8D11-00A0C91BC942}") = "library-colorizer", "Projects\library\colorizer\library-colorizer.vcxproj", "{439BAFF9-1167-D24B-92A2-3A00BEE420B1}"
EndProject
Project("{2150E333-8FDC-42A3-9474-1A3956D46DE8}") = "containers", "Projects\library\containers", "{661E84DF-C58F-1165-A5C0-92B721A2F154}"
EndProject
Project("{8BC9CEB8-8B4A-11D0-8D11-00A0C91BC942}") = "library-containers-paged_vector", "Projects\library\containers\paged_vector\library-containers-paged_vector.vcxproj", "{F2373D22-DBF0-B7E4-B028-8BF674973AED}"
EndProject
Project("{8BC9CEB8-8B4A-11D0-8D11-00A0C91BC942}") = "library-containers-stack_array", "Projects\library\containers\stack_array\library-containers-stack_array.vcxproj", "{8FDE35EC-9B80-AF55-62B5-130D5EF3D68A}"
EndProject
Project("{8BC9CEB8-8B4A-11D0-8D11-00A0C91BC942}") = "library-cppparser", "Projects\library\cppparser\library-cppparser.vcxproj", "{83424DDB-2D39-C993-71FE-34F2A604EE5E}"
EndProject
Project("{8BC9CEB8-8B4A-11D0-8D11-00A0C91BC942}") = "library-dbg_output", "Projects\library\dbg_output\library-dbg_output.vcxproj", "{806C141C-ADC5-203A-DF01-02F7E1563621}"
EndProject
Project("{8BC9CEB8-8B4A-11D0-8D11-00A0C91BC942}") = "library-diff", "Projects\library\diff\library-diff.vcxproj", "{CDAC90AB-9242-5B30-D7E1-EED4B6E4FEAC}"
EndProject
Project("{8BC9CEB8-8B4A-11D0-8D11-00A0C91BC942}") = "library-getopt-small", "Projects\library\getopt\small\library-getopt-small.vcxproj", "{DB9C26F0-E241-89AB-6F12-8CE533A7E012}"
EndProject
Project("{8BC9CEB8-8B4A-11D0-8D11-00A0C91BC942}") = "library-grid_creator", "Projects\library\grid_creator\library-grid_creator.vcxproj", "{779D8853-F643-71C6-90BD-D7B34A2441E9}"
EndProject
Project("{2150E333-8FDC-42A3-9474-1A3956D46DE8}") = "json", "Projects\library\json", "{A91653AA-1E4E-723D-0F94-68E8A504EDDE}"
EndProject
Project("{8BC9CEB8-8B4A-11D0-8D11-00A0C91BC942}") = "library-json-common", "Projects\library\json\common\library-json-common.vcxproj", "{3B322F11-1D2A-AEFE-BC14-4F74683E14DB}"
EndProject
Project("{8BC9CEB8-8B4A-11D0-8D11-00A0C91BC942}") = "library-json-writer", "Projects\library\json\writer\library-json-writer.vcxproj", "{C27A0E65-4FDF-D0F0-5127-62A23E33B196}"
EndProject
Project("{8BC9CEB8-8B4A-11D0-8D11-00A0C91BC942}") = "library-lcs", "Projects\library\lcs\library-lcs.vcxproj", "{E815EB4E-987D-1ECC-5BB6-03920E993386}"
EndProject
Project("{2150E333-8FDC-42A3-9474-1A3956D46DE8}") = "malloc", "Projects\library\malloc", "{CCFE074B-DA6D-8C58-91CB-F332819C3B2B}"
EndProject
Project("{8BC9CEB8-8B4A-11D0-8D11-00A0C91BC942}") = "library-malloc-api", "Projects\library\malloc\api\library-malloc-api.vcxproj", "{32459880-AE0E-8CCD-4A48-44F805C4FC9B}"
EndProject
Project("{8BC9CEB8-8B4A-11D0-8D11-00A0C91BC942}") = "library-malloc-system", "Projects\library\malloc\system\library-malloc-system.vcxproj", "{B5163097-6C21-9F9C-985E-1E21018EDE5E}"
EndProject
Project("{8BC9CEB8-8B4A-11D0-8D11-00A0C91BC942}") = "library-terminate_handler", "Projects\library\terminate_handler\library-terminate_handler.vcxproj", "{4E4966F6-2368-4B6C-B986-DF5B07F94F72}"
EndProject
Project("{2150E333-8FDC-42A3-9474-1A3956D46DE8}") = "threading", "Projects\library\threading", "{60B31CAF-CEFA-E128-5D6F-ED016C84A813}"
EndProject
Project("{8BC9CEB8-8B4A-11D0-8D11-00A0C91BC942}") = "library-threading-algorithm", "Projects\library\threading\algorithm\library-threading-algorithm.vcxproj", "{0A2A2AF8-DD36-7923-04DC-1AB89B0370CB}"
EndProject
Project("{8BC9CEB8-8B4A-11D0-8D11-00A0C91BC942}") = "library-threading-future", "Projects\library\threading\future\library-threading-future.vcxproj", "{CF2582C4-C4A1-875F-6897-27B28FB8018A}"
EndProject
Project("{2150E333-8FDC-42A3-9474-1A3956D46DE8}") = "unittest", "Projects\library\unittest", "{274B3502-FED8-F354-AFBA-2327A41BABF1}"
EndProject
Project("{8BC9CEB8-8B4A-11D0-8D11-00A0C91BC942}") = "library-unittest", "Projects\library\unittest\library-unittest.vcxproj", "{370FE76E-4632-6C9C-415B-0652D0E1566F}"
EndProject
Project("{8BC9CEB8-8B4A-11D0-8D11-00A0C91BC942}") = "library-unittest-main", "Projects\library\unittest\main\library-unittest-main.vcxproj", "{28DC724D-5FFA-AB4B-E6C3-DF0F40AC4B6A}"
EndProject
Project("{2150E333-8FDC-42A3-9474-1A3956D46DE8}") = "enum_parser", "Projects\tools\enum_parser", "{0DFB10A8-B693-55B6-5AA1-AE8172FA29A9}"
EndProject
Project("{8BC9CEB8-8B4A-11D0-8D11-00A0C91BC942}") = "enum_parser", "Projects\tools\enum_parser\enum_parser\enum_parser.vcxproj", "{F6CDBBB3-9B26-9DC1-90B1-CF3F94F04C9B}"
EndProject
Project("{8BC9CEB8-8B4A-11D0-8D11-00A0C91BC942}") = "tools-enum_parser-parse_enum", "Projects\tools\enum_parser\parse_enum\tools-enum_parser-parse_enum.vcxproj", "{ED552CD0-2783-3B8B-F133-BB3F842CB698}"
EndProject
Project("{2150E333-8FDC-42A3-9474-1A3956D46DE8}") = "util", "Projects\util", "{47E2C705-072A-5000-0188-DD9CD3765A2B}"
EndProject
Project("{2150E333-8FDC-42A3-9474-1A3956D46DE8}") = "charset", "Projects\util\charset", "{74DC114B-C014-C307-F11D-5DC29CBEAB26}"
EndProject
Project("{8BC9CEB8-8B4A-11D0-8D11-00A0C91BC942}") = "util-charset-sse41", "Projects\util\charset\sse41\util-charset-sse41.vcxproj", "{3C6412E3-C043-4893-360A-3ED740DCB2B9}"
EndProject
Project("{8BC9CEB8-8B4A-11D0-8D11-00A0C91BC942}") = "util-charset", "Projects\util\charset\util-charset.vcxproj", "{44174C28-7454-8F7D-C06B-E2E8E0B4BF9E}"
EndProject
Project("{8BC9CEB8-8B4A-11D0-8D11-00A0C91BC942}") = "yutil", "Projects\util\yutil.vcxproj", "{1C91E826-1D2A-B4DB-C1D2-F89E49E9BDCD}"
EndProject
Global
	GlobalSection(SolutionConfigurationPlatforms) = preSolution
		Debug|x64 = Debug|x64
		Release|x64 = Release|x64
	EndGlobalSection
	GlobalSection(ProjectConfigurationPlatforms) = postSolution
		{95B806C3-4642-B304-14C6-6F1A275A6733}.Debug|x64.ActiveCfg = Debug|x64
		{95B806C3-4642-B304-14C6-6F1A275A6733}.Debug|x64.Build.0 = Debug|x64
		{95B806C3-4642-B304-14C6-6F1A275A6733}.Release|x64.ActiveCfg = Release|x64
		{95B806C3-4642-B304-14C6-6F1A275A6733}.Release|x64.Build.0 = Release|x64
		{38913539-3513-E11C-4330-4990977A750A}.Debug|x64.ActiveCfg = Debug|x64
		{38913539-3513-E11C-4330-4990977A750A}.Debug|x64.Build.0 = Debug|x64
		{38913539-3513-E11C-4330-4990977A750A}.Release|x64.ActiveCfg = Release|x64
		{38913539-3513-E11C-4330-4990977A750A}.Release|x64.Build.0 = Release|x64
		{27609FAE-1F8F-BA04-5245-E2EF7C215499}.Debug|x64.ActiveCfg = Debug|x64
		{27609FAE-1F8F-BA04-5245-E2EF7C215499}.Debug|x64.Build.0 = Debug|x64
		{27609FAE-1F8F-BA04-5245-E2EF7C215499}.Release|x64.ActiveCfg = Release|x64
		{27609FAE-1F8F-BA04-5245-E2EF7C215499}.Release|x64.Build.0 = Release|x64
		{672E69AF-CB58-433C-D48C-7F4858C742D9}.Debug|x64.ActiveCfg = Debug|x64
		{672E69AF-CB58-433C-D48C-7F4858C742D9}.Debug|x64.Build.0 = Debug|x64
		{672E69AF-CB58-433C-D48C-7F4858C742D9}.Release|x64.ActiveCfg = Release|x64
		{672E69AF-CB58-433C-D48C-7F4858C742D9}.Release|x64.Build.0 = Release|x64
		{8D7C41B0-2344-C558-29D8-570B39498A2F}.Debug|x64.ActiveCfg = Debug|x64
		{8D7C41B0-2344-C558-29D8-570B39498A2F}.Debug|x64.Build.0 = Debug|x64
		{8D7C41B0-2344-C558-29D8-570B39498A2F}.Release|x64.ActiveCfg = Release|x64
		{8D7C41B0-2344-C558-29D8-570B39498A2F}.Release|x64.Build.0 = Release|x64
		{27312BC1-F7F1-210E-870A-4D9860365283}.Debug|x64.ActiveCfg = Debug|x64
		{27312BC1-F7F1-210E-870A-4D9860365283}.Debug|x64.Build.0 = Debug|x64
		{27312BC1-F7F1-210E-870A-4D9860365283}.Release|x64.ActiveCfg = Release|x64
		{27312BC1-F7F1-210E-870A-4D9860365283}.Release|x64.Build.0 = Release|x64
		{1BA2A109-73A9-0A33-0C89-68ACB8229C74}.Debug|x64.ActiveCfg = Debug|x64
		{1BA2A109-73A9-0A33-0C89-68ACB8229C74}.Debug|x64.Build.0 = Debug|x64
		{1BA2A109-73A9-0A33-0C89-68ACB8229C74}.Release|x64.ActiveCfg = Release|x64
		{1BA2A109-73A9-0A33-0C89-68ACB8229C74}.Release|x64.Build.0 = Release|x64
		{E8A35EC0-40EE-2D96-1FB2-D065B804958D}.Debug|x64.ActiveCfg = Debug|x64
		{E8A35EC0-40EE-2D96-1FB2-D065B804958D}.Debug|x64.Build.0 = Debug|x64
		{E8A35EC0-40EE-2D96-1FB2-D065B804958D}.Release|x64.ActiveCfg = Release|x64
		{E8A35EC0-40EE-2D96-1FB2-D065B804958D}.Release|x64.Build.0 = Release|x64
		{1305930F-BAF5-B7CA-F748-A1A62BE68A67}.Debug|x64.ActiveCfg = Debug|x64
		{1305930F-BAF5-B7CA-F748-A1A62BE68A67}.Debug|x64.Build.0 = Debug|x64
		{1305930F-BAF5-B7CA-F748-A1A62BE68A67}.Release|x64.ActiveCfg = Release|x64
		{1305930F-BAF5-B7CA-F748-A1A62BE68A67}.Release|x64.Build.0 = Release|x64
		{C53C760B-C776-E621-0BA2-EEDD8942A0E6}.Debug|x64.ActiveCfg = Debug|x64
		{C53C760B-C776-E621-0BA2-EEDD8942A0E6}.Debug|x64.Build.0 = Debug|x64
		{C53C760B-C776-E621-0BA2-EEDD8942A0E6}.Release|x64.ActiveCfg = Release|x64
		{C53C760B-C776-E621-0BA2-EEDD8942A0E6}.Release|x64.Build.0 = Release|x64
		{439BAFF9-1167-D24B-92A2-3A00BEE420B1}.Debug|x64.ActiveCfg = Debug|x64
		{439BAFF9-1167-D24B-92A2-3A00BEE420B1}.Debug|x64.Build.0 = Debug|x64
		{439BAFF9-1167-D24B-92A2-3A00BEE420B1}.Release|x64.ActiveCfg = Release|x64
		{439BAFF9-1167-D24B-92A2-3A00BEE420B1}.Release|x64.Build.0 = Release|x64
		{F2373D22-DBF0-B7E4-B028-8BF674973AED}.Debug|x64.ActiveCfg = Debug|x64
		{F2373D22-DBF0-B7E4-B028-8BF674973AED}.Debug|x64.Build.0 = Debug|x64
		{F2373D22-DBF0-B7E4-B028-8BF674973AED}.Release|x64.ActiveCfg = Release|x64
		{F2373D22-DBF0-B7E4-B028-8BF674973AED}.Release|x64.Build.0 = Release|x64
		{8FDE35EC-9B80-AF55-62B5-130D5EF3D68A}.Debug|x64.ActiveCfg = Debug|x64
		{8FDE35EC-9B80-AF55-62B5-130D5EF3D68A}.Debug|x64.Build.0 = Debug|x64
		{8FDE35EC-9B80-AF55-62B5-130D5EF3D68A}.Release|x64.ActiveCfg = Release|x64
		{8FDE35EC-9B80-AF55-62B5-130D5EF3D68A}.Release|x64.Build.0 = Release|x64
		{83424DDB-2D39-C993-71FE-34F2A604EE5E}.Debug|x64.ActiveCfg = Debug|x64
		{83424DDB-2D39-C993-71FE-34F2A604EE5E}.Debug|x64.Build.0 = Debug|x64
		{83424DDB-2D39-C993-71FE-34F2A604EE5E}.Release|x64.ActiveCfg = Release|x64
		{83424DDB-2D39-C993-71FE-34F2A604EE5E}.Release|x64.Build.0 = Release|x64
		{806C141C-ADC5-203A-DF01-02F7E1563621}.Debug|x64.ActiveCfg = Debug|x64
		{806C141C-ADC5-203A-DF01-02F7E1563621}.Debug|x64.Build.0 = Debug|x64
		{806C141C-ADC5-203A-DF01-02F7E1563621}.Release|x64.ActiveCfg = Release|x64
		{806C141C-ADC5-203A-DF01-02F7E1563621}.Release|x64.Build.0 = Release|x64
		{CDAC90AB-9242-5B30-D7E1-EED4B6E4FEAC}.Debug|x64.ActiveCfg = Debug|x64
		{CDAC90AB-9242-5B30-D7E1-EED4B6E4FEAC}.Debug|x64.Build.0 = Debug|x64
		{CDAC90AB-9242-5B30-D7E1-EED4B6E4FEAC}.Release|x64.ActiveCfg = Release|x64
		{CDAC90AB-9242-5B30-D7E1-EED4B6E4FEAC}.Release|x64.Build.0 = Release|x64
		{DB9C26F0-E241-89AB-6F12-8CE533A7E012}.Debug|x64.ActiveCfg = Debug|x64
		{DB9C26F0-E241-89AB-6F12-8CE533A7E012}.Debug|x64.Build.0 = Debug|x64
		{DB9C26F0-E241-89AB-6F12-8CE533A7E012}.Release|x64.ActiveCfg = Release|x64
		{DB9C26F0-E241-89AB-6F12-8CE533A7E012}.Release|x64.Build.0 = Release|x64
		{779D8853-F643-71C6-90BD-D7B34A2441E9}.Debug|x64.ActiveCfg = Debug|x64
		{779D8853-F643-71C6-90BD-D7B34A2441E9}.Debug|x64.Build.0 = Debug|x64
		{779D8853-F643-71C6-90BD-D7B34A2441E9}.Release|x64.ActiveCfg = Release|x64
		{779D8853-F643-71C6-90BD-D7B34A2441E9}.Release|x64.Build.0 = Release|x64
		{3B322F11-1D2A-AEFE-BC14-4F74683E14DB}.Debug|x64.ActiveCfg = Debug|x64
		{3B322F11-1D2A-AEFE-BC14-4F74683E14DB}.Debug|x64.Build.0 = Debug|x64
		{3B322F11-1D2A-AEFE-BC14-4F74683E14DB}.Release|x64.ActiveCfg = Release|x64
		{3B322F11-1D2A-AEFE-BC14-4F74683E14DB}.Release|x64.Build.0 = Release|x64
		{C27A0E65-4FDF-D0F0-5127-62A23E33B196}.Debug|x64.ActiveCfg = Debug|x64
		{C27A0E65-4FDF-D0F0-5127-62A23E33B196}.Debug|x64.Build.0 = Debug|x64
		{C27A0E65-4FDF-D0F0-5127-62A23E33B196}.Release|x64.ActiveCfg = Release|x64
		{C27A0E65-4FDF-D0F0-5127-62A23E33B196}.Release|x64.Build.0 = Release|x64
		{E815EB4E-987D-1ECC-5BB6-03920E993386}.Debug|x64.ActiveCfg = Debug|x64
		{E815EB4E-987D-1ECC-5BB6-03920E993386}.Debug|x64.Build.0 = Debug|x64
		{E815EB4E-987D-1ECC-5BB6-03920E993386}.Release|x64.ActiveCfg = Release|x64
		{E815EB4E-987D-1ECC-5BB6-03920E993386}.Release|x64.Build.0 = Release|x64
		{32459880-AE0E-8CCD-4A48-44F805C4FC9B}.Debug|x64.ActiveCfg = Debug|x64
		{32459880-AE0E-8CCD-4A48-44F805C4FC9B}.Debug|x64.Build.0 = Debug|x64
		{32459880-AE0E-8CCD-4A48-44F805C4FC9B}.Release|x64.ActiveCfg = Release|x64
		{32459880-AE0E-8CCD-4A48-44F805C4FC9B}.Release|x64.Build.0 = Release|x64
		{B5163097-6C21-9F9C-985E-1E21018EDE5E}.Debug|x64.ActiveCfg = Debug|x64
		{B5163097-6C21-9F9C-985E-1E21018EDE5E}.Debug|x64.Build.0 = Debug|x64
		{B5163097-6C21-9F9C-985E-1E21018EDE5E}.Release|x64.ActiveCfg = Release|x64
		{B5163097-6C21-9F9C-985E-1E21018EDE5E}.Release|x64.Build.0 = Release|x64
		{4E4966F6-2368-4B6C-B986-DF5B07F94F72}.Debug|x64.ActiveCfg = Debug|x64
		{4E4966F6-2368-4B6C-B986-DF5B07F94F72}.Debug|x64.Build.0 = Debug|x64
		{4E4966F6-2368-4B6C-B986-DF5B07F94F72}.Release|x64.ActiveCfg = Release|x64
		{4E4966F6-2368-4B6C-B986-DF5B07F94F72}.Release|x64.Build.0 = Release|x64
		{0A2A2AF8-DD36-7923-04DC-1AB89B0370CB}.Debug|x64.ActiveCfg = Debug|x64
		{0A2A2AF8-DD36-7923-04DC-1AB89B0370CB}.Debug|x64.Build.0 = Debug|x64
		{0A2A2AF8-DD36-7923-04DC-1AB89B0370CB}.Release|x64.ActiveCfg = Release|x64
		{0A2A2AF8-DD36-7923-04DC-1AB89B0370CB}.Release|x64.Build.0 = Release|x64
		{CF2582C4-C4A1-875F-6897-27B28FB8018A}.Debug|x64.ActiveCfg = Debug|x64
		{CF2582C4-C4A1-875F-6897-27B28FB8018A}.Debug|x64.Build.0 = Debug|x64
		{CF2582C4-C4A1-875F-6897-27B28FB8018A}.Release|x64.ActiveCfg = Release|x64
		{CF2582C4-C4A1-875F-6897-27B28FB8018A}.Release|x64.Build.0 = Release|x64
		{370FE76E-4632-6C9C-415B-0652D0E1566F}.Debug|x64.ActiveCfg = Debug|x64
		{370FE76E-4632-6C9C-415B-0652D0E1566F}.Debug|x64.Build.0 = Debug|x64
		{370FE76E-4632-6C9C-415B-0652D0E1566F}.Release|x64.ActiveCfg = Release|x64
		{370FE76E-4632-6C9C-415B-0652D0E1566F}.Release|x64.Build.0 = Release|x64
		{28DC724D-5FFA-AB4B-E6C3-DF0F40AC4B6A}.Debug|x64.ActiveCfg = Debug|x64
		{28DC724D-5FFA-AB4B-E6C3-DF0F40AC4B6A}.Debug|x64.Build.0 = Debug|x64
		{28DC724D-5FFA-AB4B-E6C3-DF0F40AC4B6A}.Release|x64.ActiveCfg = Release|x64
		{28DC724D-5FFA-AB4B-E6C3-DF0F40AC4B6A}.Release|x64.Build.0 = Release|x64
		{F6CDBBB3-9B26-9DC1-90B1-CF3F94F04C9B}.Debug|x64.ActiveCfg = Debug|x64
		{F6CDBBB3-9B26-9DC1-90B1-CF3F94F04C9B}.Debug|x64.Build.0 = Debug|x64
		{F6CDBBB3-9B26-9DC1-90B1-CF3F94F04C9B}.Release|x64.ActiveCfg = Release|x64
		{F6CDBBB3-9B26-9DC1-90B1-CF3F94F04C9B}.Release|x64.Build.0 = Release|x64
		{ED552CD0-2783-3B8B-F133-BB3F842CB698}.Debug|x64.ActiveCfg = Debug|x64
		{ED552CD0-2783-3B8B-F133-BB3F842CB698}.Debug|x64.Build.0 = Debug|x64
		{ED552CD0-2783-3B8B-F133-BB3F842CB698}.Release|x64.ActiveCfg = Release|x64
		{ED552CD0-2783-3B8B-F133-BB3F842CB698}.Release|x64.Build.0 = Release|x64
		{3C6412E3-C043-4893-360A-3ED740DCB2B9}.Debug|x64.ActiveCfg = Debug|x64
		{3C6412E3-C043-4893-360A-3ED740DCB2B9}.Debug|x64.Build.0 = Debug|x64
		{3C6412E3-C043-4893-360A-3ED740DCB2B9}.Release|x64.ActiveCfg = Release|x64
		{3C6412E3-C043-4893-360A-3ED740DCB2B9}.Release|x64.Build.0 = Release|x64
		{44174C28-7454-8F7D-C06B-E2E8E0B4BF9E}.Debug|x64.ActiveCfg = Debug|x64
		{44174C28-7454-8F7D-C06B-E2E8E0B4BF9E}.Debug|x64.Build.0 = Debug|x64
		{44174C28-7454-8F7D-C06B-E2E8E0B4BF9E}.Release|x64.ActiveCfg = Release|x64
		{44174C28-7454-8F7D-C06B-E2E8E0B4BF9E}.Release|x64.Build.0 = Release|x64
		{1C91E826-1D2A-B4DB-C1D2-F89E49E9BDCD}.Debug|x64.ActiveCfg = Debug|x64
		{1C91E826-1D2A-B4DB-C1D2-F89E49E9BDCD}.Debug|x64.Build.0 = Debug|x64
		{1C91E826-1D2A-B4DB-C1D2-F89E49E9BDCD}.Release|x64.ActiveCfg = Release|x64
		{1C91E826-1D2A-B4DB-C1D2-F89E49E9BDCD}.Release|x64.Build.0 = Release|x64
	EndGlobalSection
	GlobalSection(NestedProjects) = preSolution
		{38913539-3513-E11C-4330-4990977A750A} = {DCFF9192-9123-4811-432C-E5F64A34F526}
		{A7AFB2E7-EF23-43CF-1013-F1C3309F0756} = {DCFF9192-9123-4811-432C-E5F64A34F526}
		{27609FAE-1F8F-BA04-5245-E2EF7C215499} = {A7AFB2E7-EF23-43CF-1013-F1C3309F0756}
		{672E69AF-CB58-433C-D48C-7F4858C742D9} = {A7AFB2E7-EF23-43CF-1013-F1C3309F0756}
		{5A6BA3D4-700F-320B-BC81-8F7B463F1DBE} = {7B85CA1A-8311-CE55-344B-96CBB3DE4F3B}
		{73ADAAE5-359C-1366-E2F8-F4370347B7C5} = {5A6BA3D4-700F-320B-BC81-8F7B463F1DBE}
		{8D7C41B0-2344-C558-29D8-570B39498A2F} = {73ADAAE5-359C-1366-E2F8-F4370347B7C5}
		{27312BC1-F7F1-210E-870A-4D9860365283} = {73ADAAE5-359C-1366-E2F8-F4370347B7C5}
		{1BA2A109-73A9-0A33-0C89-68ACB8229C74} = {5A6BA3D4-700F-320B-BC81-8F7B463F1DBE}
		{E8A35EC0-40EE-2D96-1FB2-D065B804958D} = {5A6BA3D4-700F-320B-BC81-8F7B463F1DBE}
		{BAF596DB-38C8-7A20-9E66-FBAFB32699F3} = {7B85CA1A-8311-CE55-344B-96CBB3DE4F3B}
		{1305930F-BAF5-B7CA-F748-A1A62BE68A67} = {BAF596DB-38C8-7A20-9E66-FBAFB32699F3}
		{C53C760B-C776-E621-0BA2-EEDD8942A0E6} = {BAF596DB-38C8-7A20-9E66-FBAFB32699F3}
		{439BAFF9-1167-D24B-92A2-3A00BEE420B1} = {65F721D5-5072-9CA4-62A2-577296EE1206}
		{661E84DF-C58F-1165-A5C0-92B721A2F154} = {65F721D5-5072-9CA4-62A2-577296EE1206}
		{F2373D22-DBF0-B7E4-B028-8BF674973AED} = {661E84DF-C58F-1165-A5C0-92B721A2F154}
		{8FDE35EC-9B80-AF55-62B5-130D5EF3D68A} = {661E84DF-C58F-1165-A5C0-92B721A2F154}
		{83424DDB-2D39-C993-71FE-34F2A604EE5E} = {65F721D5-5072-9CA4-62A2-577296EE1206}
		{806C141C-ADC5-203A-DF01-02F7E1563621} = {65F721D5-5072-9CA4-62A2-577296EE1206}
		{CDAC90AB-9242-5B30-D7E1-EED4B6E4FEAC} = {65F721D5-5072-9CA4-62A2-577296EE1206}
		{DB9C26F0-E241-89AB-6F12-8CE533A7E012} = {65F721D5-5072-9CA4-62A2-577296EE1206}
		{779D8853-F643-71C6-90BD-D7B34A2441E9} = {65F721D5-5072-9CA4-62A2-577296EE1206}
		{A91653AA-1E4E-723D-0F94-68E8A504EDDE} = {65F721D5-5072-9CA4-62A2-577296EE1206}
		{3B322F11-1D2A-AEFE-BC14-4F74683E14DB} = {A91653AA-1E4E-723D-0F94-68E8A504EDDE}
		{C27A0E65-4FDF-D0F0-5127-62A23E33B196} = {A91653AA-1E4E-723D-0F94-68E8A504EDDE}
		{E815EB4E-987D-1ECC-5BB6-03920E993386} = {65F721D5-5072-9CA4-62A2-577296EE1206}
		{CCFE074B-DA6D-8C58-91CB-F332819C3B2B} = {65F721D5-5072-9CA4-62A2-577296EE1206}
		{32459880-AE0E-8CCD-4A48-44F805C4FC9B} = {CCFE074B-DA6D-8C58-91CB-F332819C3B2B}
		{B5163097-6C21-9F9C-985E-1E21018EDE5E} = {CCFE074B-DA6D-8C58-91CB-F332819C3B2B}
		{4E4966F6-2368-4B6C-B986-DF5B07F94F72} = {65F721D5-5072-9CA4-62A2-577296EE1206}
		{60B31CAF-CEFA-E128-5D6F-ED016C84A813} = {65F721D5-5072-9CA4-62A2-577296EE1206}
		{0A2A2AF8-DD36-7923-04DC-1AB89B0370CB} = {60B31CAF-CEFA-E128-5D6F-ED016C84A813}
		{CF2582C4-C4A1-875F-6897-27B28FB8018A} = {60B31CAF-CEFA-E128-5D6F-ED016C84A813}
		{274B3502-FED8-F354-AFBA-2327A41BABF1} = {65F721D5-5072-9CA4-62A2-577296EE1206}
		{370FE76E-4632-6C9C-415B-0652D0E1566F} = {274B3502-FED8-F354-AFBA-2327A41BABF1}
		{28DC724D-5FFA-AB4B-E6C3-DF0F40AC4B6A} = {274B3502-FED8-F354-AFBA-2327A41BABF1}
		{F6CDBBB3-9B26-9DC1-90B1-CF3F94F04C9B} = {0DFB10A8-B693-55B6-5AA1-AE8172FA29A9}
		{ED552CD0-2783-3B8B-F133-BB3F842CB698} = {0DFB10A8-B693-55B6-5AA1-AE8172FA29A9}
		{74DC114B-C014-C307-F11D-5DC29CBEAB26} = {47E2C705-072A-5000-0188-DD9CD3765A2B}
		{3C6412E3-C043-4893-360A-3ED740DCB2B9} = {74DC114B-C014-C307-F11D-5DC29CBEAB26}
		{44174C28-7454-8F7D-C06B-E2E8E0B4BF9E} = {74DC114B-C014-C307-F11D-5DC29CBEAB26}
		{1C91E826-1D2A-B4DB-C1D2-F89E49E9BDCD} = {47E2C705-072A-5000-0188-DD9CD3765A2B}
	EndGlobalSection
	GlobalSection(ExtensibilityGlobals) = postSolution
	EndGlobalSection
	GlobalSection(ExtensibilityAddIns) = postSolution
	EndGlobalSection
EndGlobal
